
Microsoft Visual Studio Solution File, Format Version 12.00
# Visual Studio Version 17
VisualStudioVersion = 17.5.002.0
MinimumVisualStudioVersion = 10.0.40219.1
Project("{9A19103F-16F7-4668-BE54-9A1E7A4F7556}") = "get_movie_details", "get_movie_details.csproj", "{AD8F5D0F-6C09-4255-AC2F-A7C5F3EC8283}"
EndProject
Global
	GlobalSection(SolutionConfigurationPlatforms) = preSolution
		Debug|Any CPU = Debug|Any CPU
		Release|Any CPU = Release|Any CPU
	EndGlobalSection
	GlobalSection(ProjectConfigurationPlatforms) = postSolution
		{AD8F5D0F-6C09-4255-AC2F-A7C5F3EC8283}.Debug|Any CPU.ActiveCfg = Debug|Any CPU
		{AD8F5D0F-6C09-4255-AC2F-A7C5F3EC8283}.Debug|Any CPU.Build.0 = Debug|Any CPU
		{AD8F5D0F-6C09-4255-AC2F-A7C5F3EC8283}.Release|Any CPU.ActiveCfg = Release|Any CPU
		{AD8F5D0F-6C09-4255-AC2F-A7C5F3EC8283}.Release|Any CPU.Build.0 = Release|Any CPU
	EndGlobalSection
	GlobalSection(SolutionProperties) = preSolution
		HideSolutionNode = FALSE
	EndGlobalSection
	GlobalSection(ExtensibilityGlobals) = postSolution
		SolutionGuid = {EAEEE8D0-5496-40D8-A5CF-930E2D028E59}
	EndGlobalSection
EndGlobal
